
Microsoft Visual Studio Solution File, Format Version 12.00
# Visual Studio Version 16
VisualStudioVersion = 16.0.29905.134
MinimumVisualStudioVersion = 10.0.40219.1
Project("{9A19103F-16F7-4668-BE54-9A1E7A4F7556}") = "LetterBuilder", ".\LetterBuilder\LetterBuilder.csproj", "{A1E83FE1-A310-4945-84A8-882C2903A6A0}"
EndProject
Project("{2150E333-8FDC-42A3-9474-1A3956D46DE8}") = "Solution Items", "Solution Items", "{10593BDD-7370-489B-9E44-8C6B6105ACD7}"
	ProjectSection(SolutionItems) = preProject
		.editorconfig = .editorconfig
	EndProjectSection
EndProject
Project("{9A19103F-16F7-4668-BE54-9A1E7A4F7556}") = "LetterBuilder.Tests", ".\LetterBuilder.Tests\LetterBuilder.Tests.csproj", "{597DBBBA-2FED-4FFD-9672-783B46B52112}"
EndProject
Project("{9A19103F-16F7-4668-BE54-9A1E7A4F7556}") = "LetterBuilderWebAdmin", ".\LetterBuilderWebAdmin\LetterBuilderWebAdmin.csproj", "{C3C083A7-98EE-4253-B564-C8E9B7E78906}"
EndProject
Project("{FAE04EC0-301F-11D3-BF4B-00C04F79EFBC}") = "LetterBuilderFrontend", ".\LetterBuilderFrontend\LetterBuilderFrontend.csproj", "{9CE54B48-B1CD-4583-B1E3-92AC053388B2}"
EndProject
Project("{FAE04EC0-301F-11D3-BF4B-00C04F79EFBC}") = "LetterBuilderWebApi", ".\LetterBuilderWebApi\LetterBuilderWebApi.csproj", "{A9D5E2C0-0DCC-48CD-A4F7-8BC16661F518}"
EndProject
Global
	GlobalSection(SolutionConfigurationPlatforms) = preSolution
		Debug|Any CPU = Debug|Any CPU
		Release|Any CPU = Release|Any CPU
	EndGlobalSection
	GlobalSection(ProjectConfigurationPlatforms) = postSolution
		{A1E83FE1-A310-4945-84A8-882C2903A6A0}.Debug|Any CPU.ActiveCfg = Debug|Any CPU
		{A1E83FE1-A310-4945-84A8-882C2903A6A0}.Debug|Any CPU.Build.0 = Debug|Any CPU
		{A1E83FE1-A310-4945-84A8-882C2903A6A0}.Release|Any CPU.ActiveCfg = Release|Any CPU
		{A1E83FE1-A310-4945-84A8-882C2903A6A0}.Release|Any CPU.Build.0 = Release|Any CPU
		{597DBBBA-2FED-4FFD-9672-783B46B52112}.Debug|Any CPU.ActiveCfg = Debug|Any CPU
		{597DBBBA-2FED-4FFD-9672-783B46B52112}.Debug|Any CPU.Build.0 = Debug|Any CPU
		{597DBBBA-2FED-4FFD-9672-783B46B52112}.Release|Any CPU.ActiveCfg = Release|Any CPU
		{597DBBBA-2FED-4FFD-9672-783B46B52112}.Release|Any CPU.Build.0 = Release|Any CPU
		{C3C083A7-98EE-4253-B564-C8E9B7E78906}.Debug|Any CPU.ActiveCfg = Debug|Any CPU
		{C3C083A7-98EE-4253-B564-C8E9B7E78906}.Debug|Any CPU.Build.0 = Debug|Any CPU
		{C3C083A7-98EE-4253-B564-C8E9B7E78906}.Release|Any CPU.ActiveCfg = Release|Any CPU
		{C3C083A7-98EE-4253-B564-C8E9B7E78906}.Release|Any CPU.Build.0 = Release|Any CPU
		{9CE54B48-B1CD-4583-B1E3-92AC053388B2}.Debug|Any CPU.ActiveCfg = Debug|Any CPU
		{9CE54B48-B1CD-4583-B1E3-92AC053388B2}.Debug|Any CPU.Build.0 = Debug|Any CPU
		{9CE54B48-B1CD-4583-B1E3-92AC053388B2}.Release|Any CPU.ActiveCfg = Release|Any CPU
		{9CE54B48-B1CD-4583-B1E3-92AC053388B2}.Release|Any CPU.Build.0 = Release|Any CPU
		{A9D5E2C0-0DCC-48CD-A4F7-8BC16661F518}.Debug|Any CPU.ActiveCfg = Debug|Any CPU
		{A9D5E2C0-0DCC-48CD-A4F7-8BC16661F518}.Debug|Any CPU.Build.0 = Debug|Any CPU
		{A9D5E2C0-0DCC-48CD-A4F7-8BC16661F518}.Release|Any CPU.ActiveCfg = Release|Any CPU
		{A9D5E2C0-0DCC-48CD-A4F7-8BC16661F518}.Release|Any CPU.Build.0 = Release|Any CPU
	EndGlobalSection
	GlobalSection(SolutionProperties) = preSolution
		HideSolutionNode = FALSE
	EndGlobalSection
	GlobalSection(ExtensibilityGlobals) = postSolution
		SolutionGuid = {992BEAA9-8E9A-4DBB-AF6E-D08C3DA2DADE}
	EndGlobalSection
EndGlobal
